
Microsoft Visual Studio Solution File, Format Version 12.00
# Visual Studio Version 17
VisualStudioVersion = 17.5.33414.496
MinimumVisualStudioVersion = 10.0.40219.1
Project("{FAE04EC0-301F-11D3-BF4B-00C04F79EFBC}") = "millionaire", "millionaire.csproj", "{05DDE8AF-C757-4620-84BD-BEB8F2EB1512}"
EndProject
Global
	GlobalSection(SolutionConfigurationPlatforms) = preSolution
		Debug|Any CPU = Debug|Any CPU
		Release|Any CPU = Release|Any CPU
	EndGlobalSection
	GlobalSection(ProjectConfigurationPlatforms) = postSolution
		{05DDE8AF-C757-4620-84BD-BEB8F2EB1512}.Debug|Any CPU.ActiveCfg = Debug|Any CPU
		{05DDE8AF-C757-4620-84BD-BEB8F2EB1512}.Debug|Any CPU.Build.0 = Debug|Any CPU
		{05DDE8AF-C757-4620-84BD-BEB8F2EB1512}.Release|Any CPU.ActiveCfg = Release|Any CPU
		{05DDE8AF-C757-4620-84BD-BEB8F2EB1512}.Release|Any CPU.Build.0 = Release|Any CPU
	EndGlobalSection
	GlobalSection(SolutionProperties) = preSolution
		HideSolutionNode = FALSE
	EndGlobalSection
	GlobalSection(ExtensibilityGlobals) = postSolution
		SolutionGuid = {5CABEA61-13DF-4071-ADA9-09673EB982E7}
	EndGlobalSection
EndGlobal
